
Microsoft Visual Studio Solution File, Format Version 12.00
# Visual Studio Version 16
VisualStudioVersion = 16.0.31729.503
MinimumVisualStudioVersion = 10.0.40219.1
Project("{FAE04EC0-301F-11D3-BF4B-00C04F79EFBC}") = "PLC", "PLC\PLC.csproj", "{A48E4627-4336-4A7E-9F61-3FFDCB3064FA}"
EndProject
Global
	GlobalSection(SolutionConfigurationPlatforms) = preSolution
		Debug|Any CPU = Debug|Any CPU
		Release|Any CPU = Release|Any CPU
	EndGlobalSection
	GlobalSection(ProjectConfigurationPlatforms) = postSolution
		{A48E4627-4336-4A7E-9F61-3FFDCB3064FA}.Debug|Any CPU.ActiveCfg = Debug|Any CPU
		{A48E4627-4336-4A7E-9F61-3FFDCB3064FA}.Debug|Any CPU.Build.0 = Debug|Any CPU
		{A48E4627-4336-4A7E-9F61-3FFDCB3064FA}.Release|Any CPU.ActiveCfg = Release|Any CPU
		{A48E4627-4336-4A7E-9F61-3FFDCB3064FA}.Release|Any CPU.Build.0 = Release|Any CPU
	EndGlobalSection
	GlobalSection(SolutionProperties) = preSolution
		HideSolutionNode = FALSE
	EndGlobalSection
	GlobalSection(ExtensibilityGlobals) = postSolution
		SolutionGuid = {F94C30F5-BDDD-4A5C-9C7E-E8F6ACFFB051}
	EndGlobalSection
EndGlobal
